
Microsoft Visual Studio Solution File, Format Version 12.00
# Visual Studio 2013
VisualStudioVersion = 12.0.21005.1
MinimumVisualStudioVersion = 10.0.40219.1
Project("{FAE04EC0-301F-11D3-BF4B-00C04F79EFBC}") = "SchoolManagementSystem", "SchoolManagementSystem\SchoolManagementSystem.csproj", "{C6663536-8C34-4311-825A-7CBA8DC7901C}"
EndProject
Project("{FAE04EC0-301F-11D3-BF4B-00C04F79EFBC}") = "SMSDAL", "SMSDAL\SMSDAL.csproj", "{33D6670F-E2C7-45B9-B411-4965F7FA6EAE}"
EndProject
Project("{FAE04EC0-301F-11D3-BF4B-00C04F79EFBC}") = "SMSBusiness", "SMSBusiness\SMSBusiness.csproj", "{70A512F4-981D-496A-B57F-393F6699DB93}"
EndProject
Project("{FAE04EC0-301F-11D3-BF4B-00C04F79EFBC}") = "SMSDataContract", "SMSDataContract\SMSDataContract.csproj", "{49CBB4AB-DCCD-4D3D-92C9-7833D6DB9B60}"
EndProject
Global
	GlobalSection(SolutionConfigurationPlatforms) = preSolution
		Debug|Any CPU = Debug|Any CPU
		Release|Any CPU = Release|Any CPU
	EndGlobalSection
	GlobalSection(ProjectConfigurationPlatforms) = postSolution
		{C6663536-8C34-4311-825A-7CBA8DC7901C}.Debug|Any CPU.ActiveCfg = Debug|Any CPU
		{C6663536-8C34-4311-825A-7CBA8DC7901C}.Debug|Any CPU.Build.0 = Debug|Any CPU
		{C6663536-8C34-4311-825A-7CBA8DC7901C}.Release|Any CPU.ActiveCfg = Release|Any CPU
		{C6663536-8C34-4311-825A-7CBA8DC7901C}.Release|Any CPU.Build.0 = Release|Any CPU
		{33D6670F-E2C7-45B9-B411-4965F7FA6EAE}.Debug|Any CPU.ActiveCfg = Debug|Any CPU
		{33D6670F-E2C7-45B9-B411-4965F7FA6EAE}.Debug|Any CPU.Build.0 = Debug|Any CPU
		{33D6670F-E2C7-45B9-B411-4965F7FA6EAE}.Release|Any CPU.ActiveCfg = Release|Any CPU
		{33D6670F-E2C7-45B9-B411-4965F7FA6EAE}.Release|Any CPU.Build.0 = Release|Any CPU
		{70A512F4-981D-496A-B57F-393F6699DB93}.Debug|Any CPU.ActiveCfg = Debug|Any CPU
		{70A512F4-981D-496A-B57F-393F6699DB93}.Debug|Any CPU.Build.0 = Debug|Any CPU
		{70A512F4-981D-496A-B57F-393F6699DB93}.Release|Any CPU.ActiveCfg = Release|Any CPU
		{70A512F4-981D-496A-B57F-393F6699DB93}.Release|Any CPU.Build.0 = Release|Any CPU
		{49CBB4AB-DCCD-4D3D-92C9-7833D6DB9B60}.Debug|Any CPU.ActiveCfg = Debug|Any CPU
		{49CBB4AB-DCCD-4D3D-92C9-7833D6DB9B60}.Debug|Any CPU.Build.0 = Debug|Any CPU
		{49CBB4AB-DCCD-4D3D-92C9-7833D6DB9B60}.Release|Any CPU.ActiveCfg = Release|Any CPU
		{49CBB4AB-DCCD-4D3D-92C9-7833D6DB9B60}.Release|Any CPU.Build.0 = Release|Any CPU
	EndGlobalSection
	GlobalSection(SolutionProperties) = preSolution
		HideSolutionNode = FALSE
	EndGlobalSection
EndGlobal
